
Microsoft Visual Studio Solution File, Format Version 12.00
# Visual Studio Version 16
VisualStudioVersion = 16.0.31613.86
MinimumVisualStudioVersion = 10.0.40219.1
Project("{FAE04EC0-301F-11D3-BF4B-00C04F79EFBC}") = "Triangulos", "Triangulos.csproj", "{D850012C-0751-4ACC-90C9-EB0219BE40AB}"
EndProject
Global
	GlobalSection(SolutionConfigurationPlatforms) = preSolution
		Debug|Any CPU = Debug|Any CPU
		Release|Any CPU = Release|Any CPU
	EndGlobalSection
	GlobalSection(ProjectConfigurationPlatforms) = postSolution
		{D850012C-0751-4ACC-90C9-EB0219BE40AB}.Debug|Any CPU.ActiveCfg = Debug|Any CPU
		{D850012C-0751-4ACC-90C9-EB0219BE40AB}.Debug|Any CPU.Build.0 = Debug|Any CPU
		{D850012C-0751-4ACC-90C9-EB0219BE40AB}.Release|Any CPU.ActiveCfg = Release|Any CPU
		{D850012C-0751-4ACC-90C9-EB0219BE40AB}.Release|Any CPU.Build.0 = Release|Any CPU
	EndGlobalSection
	GlobalSection(SolutionProperties) = preSolution
		HideSolutionNode = FALSE
	EndGlobalSection
	GlobalSection(ExtensibilityGlobals) = postSolution
		SolutionGuid = {35A6F2DA-B03E-49BC-90A6-928A268967D4}
	EndGlobalSection
EndGlobal
